PODS:
  - Capacitor (6.1.2):
    - CapacitorCordova
  - CapacitorApp (6.0.1):
    - Capacitor
  - CapacitorCordova (6.1.2)
  - CapacitorWidgetsbridgePlugin (0.1.2):
    - Capacitor

DEPENDENCIES:
  - "Capacitor (from `../../node_modules/@capacitor/ios`)"
  - "CapacitorApp (from `../../node_modules/@capacitor/app`)"
  - "CapacitorCordova (from `../../node_modules/@capacitor/ios`)"
  - CapacitorWidgetsbridgePlugin (from `../../node_modules/capacitor-widgetsbridge-plugin`)

EXTERNAL SOURCES:
  Capacitor:
    :path: "../../node_modules/@capacitor/ios"
  CapacitorApp:
    :path: "../../node_modules/@capacitor/app"
  CapacitorCordova:
    :path: "../../node_modules/@capacitor/ios"
  CapacitorWidgetsbridgePlugin:
    :path: "../../node_modules/capacitor-widgetsbridge-plugin"

SPEC CHECKSUMS:
  Capacitor: 679f9673fdf30597493a6362a5d5bf233d46abc2
  CapacitorApp: 0bc633b4eae40a1f32cd2834788fad3bc42da6a1
  CapacitorCordova: f48c89f96c319101cd2f0ce8a2b7449b5fb8b3dd
  CapacitorWidgetsbridgePlugin: 384cf6a56ba2a3ee6d199579f5403723e766b958

PODFILE CHECKSUM: 3ebce3a826092afdc7193c98c325d721e7b5eede

COCOAPODS: 1.15.2
