PODS:
  - Capacitor (6.2.1):
    - CapacitorCordova
  - CapacitorApp (6.0.2):
    - Capacitor
  - CapacitorCordova (6.2.1)
  - CapacitorWidgetsbridgePlugin (0.1.2):
    - Capacitor

DEPENDENCIES:
  - "Capacitor (from `../../node_modules/@capacitor/ios`)"
  - "CapacitorApp (from `../../node_modules/@capacitor/app`)"
  - "CapacitorCordova (from `../../node_modules/@capacitor/ios`)"
  - CapacitorWidgetsbridgePlugin (from `../../node_modules/capacitor-widgetsbridge-plugin`)

EXTERNAL SOURCES:
  Capacitor:
    :path: "../../node_modules/@capacitor/ios"
  CapacitorApp:
    :path: "../../node_modules/@capacitor/app"
  CapacitorCordova:
    :path: "../../node_modules/@capacitor/ios"
  CapacitorWidgetsbridgePlugin:
    :path: "../../node_modules/capacitor-widgetsbridge-plugin"

SPEC CHECKSUMS:
  Capacitor: c95400d761e376be9da6be5a05f226c0e865cebf
  CapacitorApp: e1e6b7d05e444d593ca16fd6d76f2b7c48b5aea7
  CapacitorCordova: 8d93e14982f440181be7304aa9559ca631d77fff
  CapacitorWidgetsbridgePlugin: 2b25b0ed502849687a3cd4cc63a4409b94119f25

PODFILE CHECKSUM: 3ebce3a826092afdc7193c98c325d721e7b5eede

COCOAPODS: 1.16.2
